
Microsoft Visual Studio Solution File, Format Version 11.00
# Visual Studio 2010
Project("{8BC9CEB8-8B4A-11D0-8D11-00A0C91BC942}") = "myFirstOpenCVConsoleApp", "myFirstOpenCVConsoleApp\myFirstOpenCVConsoleApp.vcxproj", "{BF4E4ACE-DD62-4125-B14A-1BD83153575E}"
EndProject
Global
	GlobalSection(SolutionConfigurationPlatforms) = preSolution
		Debug|Win32 = Debug|Win32
		Release|Win32 = Release|Win32
	EndGlobalSection
	GlobalSection(ProjectConfigurationPlatforms) = postSolution
		{BF4E4ACE-DD62-4125-B14A-1BD83153575E}.Debug|Win32.ActiveCfg = Debug|Win32
		{BF4E4ACE-DD62-4125-B14A-1BD83153575E}.Debug|Win32.Build.0 = Debug|Win32
		{BF4E4ACE-DD62-4125-B14A-1BD83153575E}.Release|Win32.ActiveCfg = Release|Win32
		{BF4E4ACE-DD62-4125-B14A-1BD83153575E}.Release|Win32.Build.0 = Release|Win32
	EndGlobalSection
	GlobalSection(SolutionProperties) = preSolution
		HideSolutionNode = FALSE
	EndGlobalSection
EndGlobal
